
Microsoft Visual Studio Solution File, Format Version 12.00
# Visual Studio Version 17
VisualStudioVersion = 17.11.35222.181
MinimumVisualStudioVersion = 10.0.40219.1
Project("{9A19103F-16F7-4668-BE54-9A1E7A4F7556}") = "MainApp", "MainApp\MainApp.csproj", "{1C2FB3D3-72AA-4EF0-B581-0347BB1CD6D3}"
EndProject
Global
	GlobalSection(SolutionConfigurationPlatforms) = preSolution
		Debug|Any CPU = Debug|Any CPU
		Release|Any CPU = Release|Any CPU
	EndGlobalSection
	GlobalSection(ProjectConfigurationPlatforms) = postSolution
		{1C2FB3D3-72AA-4EF0-B581-0347BB1CD6D3}.Debug|Any CPU.ActiveCfg = Debug|Any CPU
		{1C2FB3D3-72AA-4EF0-B581-0347BB1CD6D3}.Debug|Any CPU.Build.0 = Debug|Any CPU
		{1C2FB3D3-72AA-4EF0-B581-0347BB1CD6D3}.Release|Any CPU.ActiveCfg = Release|Any CPU
		{1C2FB3D3-72AA-4EF0-B581-0347BB1CD6D3}.Release|Any CPU.Build.0 = Release|Any CPU
	EndGlobalSection
	GlobalSection(SolutionProperties) = preSolution
		HideSolutionNode = FALSE
	EndGlobalSection
	GlobalSection(ExtensibilityGlobals) = postSolution
		SolutionGuid = {BCAA380F-3204-4A53-816E-C61A489E57FE}
	EndGlobalSection
EndGlobal
