
Microsoft Visual Studio Solution File, Format Version 12.00
# Visual Studio Version 17
VisualStudioVersion = 17.11.35222.181
MinimumVisualStudioVersion = 10.0.40219.1
Project("{FAE04EC0-301F-11D3-BF4B-00C04F79EFBC}") = "MainApp", "MainApp\MainApp.csproj", "{D46E4257-D788-4188-8854-88B4C387C3AD}"
EndProject
Global
	GlobalSection(SolutionConfigurationPlatforms) = preSolution
		Debug|Any CPU = Debug|Any CPU
		Release|Any CPU = Release|Any CPU
	EndGlobalSection
	GlobalSection(ProjectConfigurationPlatforms) = postSolution
		{D46E4257-D788-4188-8854-88B4C387C3AD}.Debug|Any CPU.ActiveCfg = Debug|Any CPU
		{D46E4257-D788-4188-8854-88B4C387C3AD}.Debug|Any CPU.Build.0 = Debug|Any CPU
		{D46E4257-D788-4188-8854-88B4C387C3AD}.Release|Any CPU.ActiveCfg = Release|Any CPU
		{D46E4257-D788-4188-8854-88B4C387C3AD}.Release|Any CPU.Build.0 = Release|Any CPU
	EndGlobalSection
	GlobalSection(SolutionProperties) = preSolution
		HideSolutionNode = FALSE
	EndGlobalSection
	GlobalSection(ExtensibilityGlobals) = postSolution
		SolutionGuid = {3FE3F34D-BD4B-404B-A60A-A08CCD6A4893}
	EndGlobalSection
EndGlobal
