
Microsoft Visual Studio Solution File, Format Version 12.00
# Visual Studio Version 17
VisualStudioVersion = 17.11.35327.3
MinimumVisualStudioVersion = 10.0.40219.1
Project("{FAE04EC0-301F-11D3-BF4B-00C04F79EFBC}") = "MainApp", "MainApp\MainApp.csproj", "{FF6746E5-F91C-45A5-A2C5-F553EE707A55}"
EndProject
Global
	GlobalSection(SolutionConfigurationPlatforms) = preSolution
		Debug|Any CPU = Debug|Any CPU
		Release|Any CPU = Release|Any CPU
	EndGlobalSection
	GlobalSection(ProjectConfigurationPlatforms) = postSolution
		{FF6746E5-F91C-45A5-A2C5-F553EE707A55}.Debug|Any CPU.ActiveCfg = Debug|Any CPU
		{FF6746E5-F91C-45A5-A2C5-F553EE707A55}.Debug|Any CPU.Build.0 = Debug|Any CPU
		{FF6746E5-F91C-45A5-A2C5-F553EE707A55}.Debug|Any CPU.Deploy.0 = Debug|Any CPU
		{FF6746E5-F91C-45A5-A2C5-F553EE707A55}.Release|Any CPU.ActiveCfg = Release|Any CPU
		{FF6746E5-F91C-45A5-A2C5-F553EE707A55}.Release|Any CPU.Build.0 = Release|Any CPU
		{FF6746E5-F91C-45A5-A2C5-F553EE707A55}.Release|Any CPU.Deploy.0 = Release|Any CPU
	EndGlobalSection
	GlobalSection(SolutionProperties) = preSolution
		HideSolutionNode = FALSE
	EndGlobalSection
	GlobalSection(ExtensibilityGlobals) = postSolution
		SolutionGuid = {81571678-E1B8-4485-86DA-EAF8ECDD8F2D}
	EndGlobalSection
EndGlobal
