
Microsoft Visual Studio Solution File, Format Version 12.00
# Visual Studio Version 17
VisualStudioVersion = 17.11.35312.102
MinimumVisualStudioVersion = 10.0.40219.1
Project("{FAE04EC0-301F-11D3-BF4B-00C04F79EFBC}") = "MainApp", "MainApp\MainApp.csproj", "{C1E6AE9B-DE0C-4298-8BE4-02B026CECF40}"
EndProject
Project("{FAE04EC0-301F-11D3-BF4B-00C04F79EFBC}") = "MainApp.Resources", "MainApp.Resources\MainApp.Resources.csproj", "{4BA91A59-43CF-4464-809D-3A5A50403CDD}"
EndProject
Project("{FAE04EC0-301F-11D3-BF4B-00C04F79EFBC}") = "MainApp.Tests", "MainApp.Tests\MainApp.Tests.csproj", "{09E6DF17-5D58-436B-B238-217CE3297B79}"
EndProject
Global
	GlobalSection(SolutionConfigurationPlatforms) = preSolution
		Debug|Any CPU = Debug|Any CPU
		Release|Any CPU = Release|Any CPU
	EndGlobalSection
	GlobalSection(ProjectConfigurationPlatforms) = postSolution
		{C1E6AE9B-DE0C-4298-8BE4-02B026CECF40}.Debug|Any CPU.ActiveCfg = Debug|Any CPU
		{C1E6AE9B-DE0C-4298-8BE4-02B026CECF40}.Debug|Any CPU.Build.0 = Debug|Any CPU
		{C1E6AE9B-DE0C-4298-8BE4-02B026CECF40}.Release|Any CPU.ActiveCfg = Release|Any CPU
		{C1E6AE9B-DE0C-4298-8BE4-02B026CECF40}.Release|Any CPU.Build.0 = Release|Any CPU
		{4BA91A59-43CF-4464-809D-3A5A50403CDD}.Debug|Any CPU.ActiveCfg = Debug|Any CPU
		{4BA91A59-43CF-4464-809D-3A5A50403CDD}.Debug|Any CPU.Build.0 = Debug|Any CPU
		{4BA91A59-43CF-4464-809D-3A5A50403CDD}.Release|Any CPU.ActiveCfg = Release|Any CPU
		{4BA91A59-43CF-4464-809D-3A5A50403CDD}.Release|Any CPU.Build.0 = Release|Any CPU
		{09E6DF17-5D58-436B-B238-217CE3297B79}.Debug|Any CPU.ActiveCfg = Debug|Any CPU
		{09E6DF17-5D58-436B-B238-217CE3297B79}.Debug|Any CPU.Build.0 = Debug|Any CPU
		{09E6DF17-5D58-436B-B238-217CE3297B79}.Release|Any CPU.ActiveCfg = Release|Any CPU
		{09E6DF17-5D58-436B-B238-217CE3297B79}.Release|Any CPU.Build.0 = Release|Any CPU
	EndGlobalSection
	GlobalSection(SolutionProperties) = preSolution
		HideSolutionNode = FALSE
	EndGlobalSection
	GlobalSection(ExtensibilityGlobals) = postSolution
		SolutionGuid = {BA357091-A46A-4802-99E2-3BB68F8ABCC4}
	EndGlobalSection
EndGlobal
