
Microsoft Visual Studio Solution File, Format Version 12.00
# Visual Studio Version 17
VisualStudioVersion = 17.11.35327.3
MinimumVisualStudioVersion = 10.0.40219.1
Project("{FAE04EC0-301F-11D3-BF4B-00C04F79EFBC}") = "MainApp", "MainApp\MainApp.csproj", "{30C32ED5-CB80-4D5B-ABED-D3637D610F57}"
EndProject
Project("{FAE04EC0-301F-11D3-BF4B-00C04F79EFBC}") = "Shared", "Shared\Shared.csproj", "{31ABBEC6-423A-4B21-83B7-82D7BFB890F0}"
EndProject
Global
	GlobalSection(SolutionConfigurationPlatforms) = preSolution
		Debug|Any CPU = Debug|Any CPU
		Release|Any CPU = Release|Any CPU
	EndGlobalSection
	GlobalSection(ProjectConfigurationPlatforms) = postSolution
		{30C32ED5-CB80-4D5B-ABED-D3637D610F57}.Debug|Any CPU.ActiveCfg = Debug|Any CPU
		{30C32ED5-CB80-4D5B-ABED-D3637D610F57}.Debug|Any CPU.Build.0 = Debug|Any CPU
		{30C32ED5-CB80-4D5B-ABED-D3637D610F57}.Debug|Any CPU.Deploy.0 = Debug|Any CPU
		{30C32ED5-CB80-4D5B-ABED-D3637D610F57}.Release|Any CPU.ActiveCfg = Release|Any CPU
		{30C32ED5-CB80-4D5B-ABED-D3637D610F57}.Release|Any CPU.Build.0 = Release|Any CPU
		{30C32ED5-CB80-4D5B-ABED-D3637D610F57}.Release|Any CPU.Deploy.0 = Release|Any CPU
		{31ABBEC6-423A-4B21-83B7-82D7BFB890F0}.Debug|Any CPU.ActiveCfg = Debug|Any CPU
		{31ABBEC6-423A-4B21-83B7-82D7BFB890F0}.Debug|Any CPU.Build.0 = Debug|Any CPU
		{31ABBEC6-423A-4B21-83B7-82D7BFB890F0}.Release|Any CPU.ActiveCfg = Release|Any CPU
		{31ABBEC6-423A-4B21-83B7-82D7BFB890F0}.Release|Any CPU.Build.0 = Release|Any CPU
	EndGlobalSection
	GlobalSection(SolutionProperties) = preSolution
		HideSolutionNode = FALSE
	EndGlobalSection
	GlobalSection(ExtensibilityGlobals) = postSolution
		SolutionGuid = {B2EA15BE-44BA-4BD4-8E83-C021EE1277D5}
	EndGlobalSection
EndGlobal
